
Microsoft Visual Studio Solution File, Format Version 12.00
# Visual Studio Version 16
VisualStudioVersion = 16.0.31702.278
MinimumVisualStudioVersion = 10.0.40219.1
Project("{FAE04EC0-301F-11D3-BF4B-00C04F79EFBC}") = "Lab3NumberAnalyzer Decision Maker", "Lab3NumberAnalyzer Decision Maker.csproj", "{BBD31449-D223-4AC1-8D93-21C8C37BAF1C}"
EndProject
Global
	GlobalSection(SolutionConfigurationPlatforms) = preSolution
		Debug|Any CPU = Debug|Any CPU
		Release|Any CPU = Release|Any CPU
	EndGlobalSection
	GlobalSection(ProjectConfigurationPlatforms) = postSolution
		{BBD31449-D223-4AC1-8D93-21C8C37BAF1C}.Debug|Any CPU.ActiveCfg = Debug|Any CPU
		{BBD31449-D223-4AC1-8D93-21C8C37BAF1C}.Debug|Any CPU.Build.0 = Debug|Any CPU
		{BBD31449-D223-4AC1-8D93-21C8C37BAF1C}.Release|Any CPU.ActiveCfg = Release|Any CPU
		{BBD31449-D223-4AC1-8D93-21C8C37BAF1C}.Release|Any CPU.Build.0 = Release|Any CPU
	EndGlobalSection
	GlobalSection(SolutionProperties) = preSolution
		HideSolutionNode = FALSE
	EndGlobalSection
	GlobalSection(ExtensibilityGlobals) = postSolution
		SolutionGuid = {EA7E179F-E5D0-4E38-8CC5-8276ED071FBA}
	EndGlobalSection
EndGlobal
